
Microsoft Visual Studio Solution File, Format Version 12.00
# Visual Studio Version 17
VisualStudioVersion = 17.11.35208.52
MinimumVisualStudioVersion = 10.0.40219.1
Project("{FAE04EC0-301F-11D3-BF4B-00C04F79EFBC}") = "CarRental", "CarRental\CarRental.csproj", "{C8D15EC5-E7FD-410C-99B9-79F71B4C2FF7}"
EndProject
Global
	GlobalSection(SolutionConfigurationPlatforms) = preSolution
		Debug|Any CPU = Debug|Any CPU
		Release|Any CPU = Release|Any CPU
	EndGlobalSection
	GlobalSection(ProjectConfigurationPlatforms) = postSolution
		{C8D15EC5-E7FD-410C-99B9-79F71B4C2FF7}.Debug|Any CPU.ActiveCfg = Debug|Any CPU
		{C8D15EC5-E7FD-410C-99B9-79F71B4C2FF7}.Debug|Any CPU.Build.0 = Debug|Any CPU
		{C8D15EC5-E7FD-410C-99B9-79F71B4C2FF7}.Release|Any CPU.ActiveCfg = Release|Any CPU
		{C8D15EC5-E7FD-410C-99B9-79F71B4C2FF7}.Release|Any CPU.Build.0 = Release|Any CPU
	EndGlobalSection
	GlobalSection(SolutionProperties) = preSolution
		HideSolutionNode = FALSE
	EndGlobalSection
	GlobalSection(ExtensibilityGlobals) = postSolution
		SolutionGuid = {C99E3AE9-39FC-409F-9980-AFE45BDED0E6}
	EndGlobalSection
EndGlobal
